# Tests pass with python 3.8 on 2025-03-02 and with these versions
# pip install --no-deps -r tests/requirements.lock
certifi==2024.2.2
charset-normalizer==3.3.2
filelock==3.16.1
hjson==3.1.0
idna==3.6
jx-python==4.673.25037
mo-collections==5.672.25036
mo-dots==10.678.25061
mo-files==6.672.25036
mo-future==7.678.25061
mo-imports==7.678.25061
mo-json==6.679.25061
mo-json-config==4.673.25037
mo-kwargs==7.678.25061
mo-logs==8.678.25061
mo-math==7.678.25061
mo-testing==8.674.25037
mo-times==5.678.25061
objgraph==3.6.2
psutil==7.0.0
pytz==2024.1
requests==2.31.0
urllib3==2.2.0